
Microsoft Visual Studio Solution File, Format Version 12.00
# Visual Studio Version 16
VisualStudioVersion = 16.0.30309.148
MinimumVisualStudioVersion = 10.0.40219.1
Project("{FAE04EC0-301F-11D3-BF4B-00C04F79EFBC}") = "String", "String\String.csproj", "{216EB378-3697-4A33-A83D-15BBC6DA6E34}"
EndProject
Global
	GlobalSection(SolutionConfigurationPlatforms) = preSolution
		Debug|Any CPU = Debug|Any CPU
		Release|Any CPU = Release|Any CPU
	EndGlobalSection
	GlobalSection(ProjectConfigurationPlatforms) = postSolution
		{216EB378-3697-4A33-A83D-15BBC6DA6E34}.Debug|Any CPU.ActiveCfg = Debug|Any CPU
		{216EB378-3697-4A33-A83D-15BBC6DA6E34}.Debug|Any CPU.Build.0 = Debug|Any CPU
		{216EB378-3697-4A33-A83D-15BBC6DA6E34}.Release|Any CPU.ActiveCfg = Release|Any CPU
		{216EB378-3697-4A33-A83D-15BBC6DA6E34}.Release|Any CPU.Build.0 = Release|Any CPU
	EndGlobalSection
	GlobalSection(SolutionProperties) = preSolution
		HideSolutionNode = FALSE
	EndGlobalSection
	GlobalSection(ExtensibilityGlobals) = postSolution
		SolutionGuid = {5E1D4F00-6DFB-40EF-BDD2-45A31C9EFA08}
	EndGlobalSection
EndGlobal
