
Microsoft Visual Studio Solution File, Format Version 12.00
# Visual Studio Version 16
VisualStudioVersion = 16.0.30309.148
MinimumVisualStudioVersion = 10.0.40219.1
Project("{FAE04EC0-301F-11D3-BF4B-00C04F79EFBC}") = "Queue", "Queue\Queue.csproj", "{2E6F752A-45D1-4EA1-BE19-0BAB2DA99E7F}"
EndProject
Global
	GlobalSection(SolutionConfigurationPlatforms) = preSolution
		Debug|Any CPU = Debug|Any CPU
		Release|Any CPU = Release|Any CPU
	EndGlobalSection
	GlobalSection(ProjectConfigurationPlatforms) = postSolution
		{2E6F752A-45D1-4EA1-BE19-0BAB2DA99E7F}.Debug|Any CPU.ActiveCfg = Debug|Any CPU
		{2E6F752A-45D1-4EA1-BE19-0BAB2DA99E7F}.Debug|Any CPU.Build.0 = Debug|Any CPU
		{2E6F752A-45D1-4EA1-BE19-0BAB2DA99E7F}.Release|Any CPU.ActiveCfg = Release|Any CPU
		{2E6F752A-45D1-4EA1-BE19-0BAB2DA99E7F}.Release|Any CPU.Build.0 = Release|Any CPU
	EndGlobalSection
	GlobalSection(SolutionProperties) = preSolution
		HideSolutionNode = FALSE
	EndGlobalSection
	GlobalSection(ExtensibilityGlobals) = postSolution
		SolutionGuid = {4F8D2748-9665-4427-B311-0E63D50B6EF0}
	EndGlobalSection
EndGlobal
