
Microsoft Visual Studio Solution File, Format Version 12.00
# Visual Studio Version 16
VisualStudioVersion = 16.0.30309.148
MinimumVisualStudioVersion = 10.0.40219.1
Project("{FAE04EC0-301F-11D3-BF4B-00C04F79EFBC}") = "Stack", "Stack\Stack.csproj", "{98AD81E1-C6E0-4D5C-B553-690C23FDB49F}"
EndProject
Global
	GlobalSection(SolutionConfigurationPlatforms) = preSolution
		Debug|Any CPU = Debug|Any CPU
		Release|Any CPU = Release|Any CPU
	EndGlobalSection
	GlobalSection(ProjectConfigurationPlatforms) = postSolution
		{98AD81E1-C6E0-4D5C-B553-690C23FDB49F}.Debug|Any CPU.ActiveCfg = Debug|Any CPU
		{98AD81E1-C6E0-4D5C-B553-690C23FDB49F}.Debug|Any CPU.Build.0 = Debug|Any CPU
		{98AD81E1-C6E0-4D5C-B553-690C23FDB49F}.Release|Any CPU.ActiveCfg = Release|Any CPU
		{98AD81E1-C6E0-4D5C-B553-690C23FDB49F}.Release|Any CPU.Build.0 = Release|Any CPU
	EndGlobalSection
	GlobalSection(SolutionProperties) = preSolution
		HideSolutionNode = FALSE
	EndGlobalSection
	GlobalSection(ExtensibilityGlobals) = postSolution
		SolutionGuid = {F3B876B6-56D9-4EF0-A074-2F4D7A1B3D1C}
	EndGlobalSection
EndGlobal
